
Microsoft Visual Studio Solution File, Format Version 12.00
# Visual Studio Version 17
VisualStudioVersion = 17.8.34330.188
MinimumVisualStudioVersion = 10.0.40219.1
Project("{FAE04EC0-301F-11D3-BF4B-00C04F79EFBC}") = "algorithmviualizer1", "algorithmviualizer1\algorithmviualizer1.csproj", "{854571EE-FE5F-4081-A892-8004A32E56EA}"
EndProject
Global
	GlobalSection(SolutionConfigurationPlatforms) = preSolution
		Debug|Any CPU = Debug|Any CPU
		Release|Any CPU = Release|Any CPU
	EndGlobalSection
	GlobalSection(ProjectConfigurationPlatforms) = postSolution
		{854571EE-FE5F-4081-A892-8004A32E56EA}.Debug|Any CPU.ActiveCfg = Debug|Any CPU
		{854571EE-FE5F-4081-A892-8004A32E56EA}.Debug|Any CPU.Build.0 = Debug|Any CPU
		{854571EE-FE5F-4081-A892-8004A32E56EA}.Release|Any CPU.ActiveCfg = Release|Any CPU
		{854571EE-FE5F-4081-A892-8004A32E56EA}.Release|Any CPU.Build.0 = Release|Any CPU
	EndGlobalSection
	GlobalSection(SolutionProperties) = preSolution
		HideSolutionNode = FALSE
	EndGlobalSection
	GlobalSection(ExtensibilityGlobals) = postSolution
		SolutionGuid = {5D87A5A9-075A-45C7-96F9-83089ECBC327}
	EndGlobalSection
EndGlobal
